[[package]]
category = "main"
description = "A Python module for creating Excel XLSX files."
name = "xlsxwriter"
optional = false
python-versions = "*"
version = "1.3.4"

[metadata]
content-hash = "4eede08d1305b632a2a907c10b7b9400e16f6fb74f7205327d39920009bf4541"
python-versions = "^3.8"

[metadata.files]
xlsxwriter = [
    {file = "XlsxWriter-1.3.4-py2.py3-none-any.whl", hash = "sha256:d3f75d4caca3bcddfc7b138b2f2bce358cdac10819a33d2c250497b81bb989ba"},
    {file = "XlsxWriter-1.3.4.tar.gz", hash = "sha256:d804881beb944c4fd73deed0ef2666b84437f30d72bdc1b3a6f0230458facbfd"},
]
